
Microsoft Visual Studio Solution File, Format Version 12.00
# Visual Studio Version 17
VisualStudioVersion = 17.0.31903.59
MinimumVisualStudioVersion = 10.0.40219.1
Project("{2150E333-8FDC-42A3-9474-1A3956D46DE8}") = "src", "src", "{827E0CD3-B72D-47B6-A68D-7590B98EB39B}"
EndProject
Project("{FAE04EC0-301F-11D3-BF4B-00C04F79EFBC}") = "TenantCatalogService", "src\TenantCatalogService\TenantCatalogService.csproj", "{EADA50B6-C0AF-4371-B426-CB1772ED081D}"
EndProject
Project("{FAE04EC0-301F-11D3-BF4B-00C04F79EFBC}") = "DeviceRegistryService", "src\DeviceRegistryService\DeviceRegistryService.csproj", "{EDC51A71-B7E4-4376-A0F7-BC6656BAA228}"
EndProject
Project("{FAE04EC0-301F-11D3-BF4B-00C04F79EFBC}") = "SharedLibrary", "src\SharedLibrary\SharedLibrary.csproj", "{A32A3B9E-E295-40E1-A95B-B0C936B36A5D}"
EndProject
Project("{FAE04EC0-301F-11D3-BF4B-00C04F79EFBC}") = "TenantCatalogService.Tests", "tests\TenantCatalogService.Tests\TenantCatalogService.Tests.csproj", "{E963DFAE-4FB4-4B64-9EF2-66F6C3C51BF5}"
EndProject
Project("{FAE04EC0-301F-11D3-BF4B-00C04F79EFBC}") = "DeviceRegistryService.Tests", "tests\DeviceRegistryService.Tests\DeviceRegistryService.Tests.csproj", "{59C62BDA-EAF5-4CE5-86FB-A9FE0558299B}"
EndProject
Project("{FAE04EC0-301F-11D3-BF4B-00C04F79EFBC}") = "TenantDBRouter", "src\TenantDBRouter\TenantDBRouter.csproj", "{CD5B6345-D8B0-467A-9291-2B29EFA4F21D}"
EndProject
Project("{2150E333-8FDC-42A3-9474-1A3956D46DE8}") = "tests", "tests", "{0AB3BF05-4346-4AA6-1389-037BE0695223}"
EndProject
Project("{FAE04EC0-301F-11D3-BF4B-00C04F79EFBC}") = "TenantDBRouter.Tests", "tests\TenantDBRouter.Tests\TenantDBRouter.Tests.csproj", "{D1D4A668-8068-4B0B-BF3C-C551A8A96428}"
EndProject
Project("{FAE04EC0-301F-11D3-BF4B-00C04F79EFBC}") = "Encryption.Tests", "tests\Encryption.Tests\Encryption.Tests.csproj", "{83F78D72-7655-4A22-A2B2-CF8D658094D3}"
EndProject
Project("{FAE04EC0-301F-11D3-BF4B-00C04F79EFBC}") = "Gatekeeper.Tests", "tests\Gatekeeper.Tests\Gatekeeper.Tests.csproj", "{B14D8563-003F-4629-96B5-6DA6C940109F}"
EndProject
Project("{FAE04EC0-301F-11D3-BF4B-00C04F79EFBC}") = "MedLogicService", "src\MedLogicService\MedLogicService.csproj", "{F8A7C2D1-9E3B-4F5A-8D6C-1A2B3C4D5E6F}"
EndProject
Project("{FAE04EC0-301F-11D3-BF4B-00C04F79EFBC}") = "MedLogicService.Tests", "tests\MedLogicService.Tests\MedLogicService.Tests.csproj", "{A1B2C3D4-E5F6-7890-ABCD-EF1234567890}"
EndProject
Project("{FAE04EC0-301F-11D3-BF4B-00C04F79EFBC}") = "AdminUI", "src\AdminUI\AdminUI.csproj", "{CC753718-7AAE-49E4-BDC8-D9FED0B4F044}"
EndProject
Global
	GlobalSection(SolutionConfigurationPlatforms) = preSolution
		Debug|Any CPU = Debug|Any CPU
		Debug|x64 = Debug|x64
		Debug|x86 = Debug|x86
		Release|Any CPU = Release|Any CPU
		Release|x64 = Release|x64
		Release|x86 = Release|x86
	EndGlobalSection
	GlobalSection(ProjectConfigurationPlatforms) = postSolution
		{EADA50B6-C0AF-4371-B426-CB1772ED081D}.Debug|Any CPU.ActiveCfg = Debug|Any CPU
		{EADA50B6-C0AF-4371-B426-CB1772ED081D}.Debug|Any CPU.Build.0 = Debug|Any CPU
		{EADA50B6-C0AF-4371-B426-CB1772ED081D}.Debug|x64.ActiveCfg = Debug|Any CPU
		{EADA50B6-C0AF-4371-B426-CB1772ED081D}.Debug|x64.Build.0 = Debug|Any CPU
		{EADA50B6-C0AF-4371-B426-CB1772ED081D}.Debug|x86.ActiveCfg = Debug|Any CPU
		{EADA50B6-C0AF-4371-B426-CB1772ED081D}.Debug|x86.Build.0 = Debug|Any CPU
		{EADA50B6-C0AF-4371-B426-CB1772ED081D}.Release|Any CPU.ActiveCfg = Release|Any CPU
		{EADA50B6-C0AF-4371-B426-CB1772ED081D}.Release|Any CPU.Build.0 = Release|Any CPU
		{EADA50B6-C0AF-4371-B426-CB1772ED081D}.Release|x64.ActiveCfg = Release|Any CPU
		{EADA50B6-C0AF-4371-B426-CB1772ED081D}.Release|x64.Build.0 = Release|Any CPU
		{EADA50B6-C0AF-4371-B426-CB1772ED081D}.Release|x86.ActiveCfg = Release|Any CPU
		{EADA50B6-C0AF-4371-B426-CB1772ED081D}.Release|x86.Build.0 = Release|Any CPU
		{EDC51A71-B7E4-4376-A0F7-BC6656BAA228}.Debug|Any CPU.ActiveCfg = Debug|Any CPU
		{EDC51A71-B7E4-4376-A0F7-BC6656BAA228}.Debug|Any CPU.Build.0 = Debug|Any CPU
		{EDC51A71-B7E4-4376-A0F7-BC6656BAA228}.Debug|x64.ActiveCfg = Debug|Any CPU
		{EDC51A71-B7E4-4376-A0F7-BC6656BAA228}.Debug|x64.Build.0 = Debug|Any CPU
		{EDC51A71-B7E4-4376-A0F7-BC6656BAA228}.Debug|x86.ActiveCfg = Debug|Any CPU
		{EDC51A71-B7E4-4376-A0F7-BC6656BAA228}.Debug|x86.Build.0 = Debug|Any CPU
		{EDC51A71-B7E4-4376-A0F7-BC6656BAA228}.Release|Any CPU.ActiveCfg = Release|Any CPU
		{EDC51A71-B7E4-4376-A0F7-BC6656BAA228}.Release|Any CPU.Build.0 = Release|Any CPU
		{EDC51A71-B7E4-4376-A0F7-BC6656BAA228}.Release|x64.ActiveCfg = Release|Any CPU
		{EDC51A71-B7E4-4376-A0F7-BC6656BAA228}.Release|x64.Build.0 = Release|Any CPU
		{EDC51A71-B7E4-4376-A0F7-BC6656BAA228}.Release|x86.ActiveCfg = Release|Any CPU
		{EDC51A71-B7E4-4376-A0F7-BC6656BAA228}.Release|x86.Build.0 = Release|Any CPU
		{A32A3B9E-E295-40E1-A95B-B0C936B36A5D}.Debug|Any CPU.ActiveCfg = Debug|Any CPU
		{A32A3B9E-E295-40E1-A95B-B0C936B36A5D}.Debug|Any CPU.Build.0 = Debug|Any CPU
		{A32A3B9E-E295-40E1-A95B-B0C936B36A5D}.Debug|x64.ActiveCfg = Debug|Any CPU
		{A32A3B9E-E295-40E1-A95B-B0C936B36A5D}.Debug|x64.Build.0 = Debug|Any CPU
		{A32A3B9E-E295-40E1-A95B-B0C936B36A5D}.Debug|x86.ActiveCfg = Debug|Any CPU
		{A32A3B9E-E295-40E1-A95B-B0C936B36A5D}.Debug|x86.Build.0 = Debug|Any CPU
		{A32A3B9E-E295-40E1-A95B-B0C936B36A5D}.Release|Any CPU.ActiveCfg = Release|Any CPU
		{A32A3B9E-E295-40E1-A95B-B0C936B36A5D}.Release|Any CPU.Build.0 = Release|Any CPU
		{A32A3B9E-E295-40E1-A95B-B0C936B36A5D}.Release|x64.ActiveCfg = Release|Any CPU
		{A32A3B9E-E295-40E1-A95B-B0C936B36A5D}.Release|x64.Build.0 = Release|Any CPU
		{A32A3B9E-E295-40E1-A95B-B0C936B36A5D}.Release|x86.ActiveCfg = Release|Any CPU
		{A32A3B9E-E295-40E1-A95B-B0C936B36A5D}.Release|x86.Build.0 = Release|Any CPU
		{E963DFAE-4FB4-4B64-9EF2-66F6C3C51BF5}.Debug|Any CPU.ActiveCfg = Debug|Any CPU
		{E963DFAE-4FB4-4B64-9EF2-66F6C3C51BF5}.Debug|Any CPU.Build.0 = Debug|Any CPU
		{E963DFAE-4FB4-4B64-9EF2-66F6C3C51BF5}.Debug|x64.ActiveCfg = Debug|Any CPU
		{E963DFAE-4FB4-4B64-9EF2-66F6C3C51BF5}.Debug|x64.Build.0 = Debug|Any CPU
		{E963DFAE-4FB4-4B64-9EF2-66F6C3C51BF5}.Debug|x86.ActiveCfg = Debug|Any CPU
		{E963DFAE-4FB4-4B64-9EF2-66F6C3C51BF5}.Debug|x86.Build.0 = Debug|Any CPU
		{E963DFAE-4FB4-4B64-9EF2-66F6C3C51BF5}.Release|Any CPU.ActiveCfg = Release|Any CPU
		{E963DFAE-4FB4-4B64-9EF2-66F6C3C51BF5}.Release|Any CPU.Build.0 = Release|Any CPU
		{E963DFAE-4FB4-4B64-9EF2-66F6C3C51BF5}.Release|x64.ActiveCfg = Release|Any CPU
		{E963DFAE-4FB4-4B64-9EF2-66F6C3C51BF5}.Release|x64.Build.0 = Release|Any CPU
		{E963DFAE-4FB4-4B64-9EF2-66F6C3C51BF5}.Release|x86.ActiveCfg = Release|Any CPU
		{E963DFAE-4FB4-4B64-9EF2-66F6C3C51BF5}.Release|x86.Build.0 = Release|Any CPU
		{59C62BDA-EAF5-4CE5-86FB-A9FE0558299B}.Debug|Any CPU.ActiveCfg = Debug|Any CPU
		{59C62BDA-EAF5-4CE5-86FB-A9FE0558299B}.Debug|Any CPU.Build.0 = Debug|Any CPU
		{59C62BDA-EAF5-4CE5-86FB-A9FE0558299B}.Debug|x64.ActiveCfg = Debug|Any CPU
		{59C62BDA-EAF5-4CE5-86FB-A9FE0558299B}.Debug|x64.Build.0 = Debug|Any CPU
		{59C62BDA-EAF5-4CE5-86FB-A9FE0558299B}.Debug|x86.ActiveCfg = Debug|Any CPU
		{59C62BDA-EAF5-4CE5-86FB-A9FE0558299B}.Debug|x86.Build.0 = Debug|Any CPU
		{59C62BDA-EAF5-4CE5-86FB-A9FE0558299B}.Release|Any CPU.ActiveCfg = Release|Any CPU
		{59C62BDA-EAF5-4CE5-86FB-A9FE0558299B}.Release|Any CPU.Build.0 = Release|Any CPU
		{59C62BDA-EAF5-4CE5-86FB-A9FE0558299B}.Release|x64.ActiveCfg = Release|Any CPU
		{59C62BDA-EAF5-4CE5-86FB-A9FE0558299B}.Release|x64.Build.0 = Release|Any CPU
		{59C62BDA-EAF5-4CE5-86FB-A9FE0558299B}.Release|x86.ActiveCfg = Release|Any CPU
		{59C62BDA-EAF5-4CE5-86FB-A9FE0558299B}.Release|x86.Build.0 = Release|Any CPU
		{CD5B6345-D8B0-467A-9291-2B29EFA4F21D}.Debug|Any CPU.ActiveCfg = Debug|Any CPU
		{CD5B6345-D8B0-467A-9291-2B29EFA4F21D}.Debug|Any CPU.Build.0 = Debug|Any CPU
		{CD5B6345-D8B0-467A-9291-2B29EFA4F21D}.Debug|x64.ActiveCfg = Debug|Any CPU
		{CD5B6345-D8B0-467A-9291-2B29EFA4F21D}.Debug|x64.Build.0 = Debug|Any CPU
		{CD5B6345-D8B0-467A-9291-2B29EFA4F21D}.Debug|x86.ActiveCfg = Debug|Any CPU
		{CD5B6345-D8B0-467A-9291-2B29EFA4F21D}.Debug|x86.Build.0 = Debug|Any CPU
		{CD5B6345-D8B0-467A-9291-2B29EFA4F21D}.Release|Any CPU.ActiveCfg = Release|Any CPU
		{CD5B6345-D8B0-467A-9291-2B29EFA4F21D}.Release|Any CPU.Build.0 = Release|Any CPU
		{CD5B6345-D8B0-467A-9291-2B29EFA4F21D}.Release|x64.ActiveCfg = Release|Any CPU
		{CD5B6345-D8B0-467A-9291-2B29EFA4F21D}.Release|x64.Build.0 = Release|Any CPU
		{CD5B6345-D8B0-467A-9291-2B29EFA4F21D}.Release|x86.ActiveCfg = Release|Any CPU
		{CD5B6345-D8B0-467A-9291-2B29EFA4F21D}.Release|x86.Build.0 = Release|Any CPU
		{D1D4A668-8068-4B0B-BF3C-C551A8A96428}.Debug|Any CPU.ActiveCfg = Debug|Any CPU
		{D1D4A668-8068-4B0B-BF3C-C551A8A96428}.Debug|Any CPU.Build.0 = Debug|Any CPU
		{D1D4A668-8068-4B0B-BF3C-C551A8A96428}.Debug|x64.ActiveCfg = Debug|Any CPU
		{D1D4A668-8068-4B0B-BF3C-C551A8A96428}.Debug|x64.Build.0 = Debug|Any CPU
		{D1D4A668-8068-4B0B-BF3C-C551A8A96428}.Debug|x86.ActiveCfg = Debug|Any CPU
		{D1D4A668-8068-4B0B-BF3C-C551A8A96428}.Debug|x86.Build.0 = Debug|Any CPU
		{D1D4A668-8068-4B0B-BF3C-C551A8A96428}.Release|Any CPU.ActiveCfg = Release|Any CPU
		{D1D4A668-8068-4B0B-BF3C-C551A8A96428}.Release|Any CPU.Build.0 = Release|Any CPU
		{D1D4A668-8068-4B0B-BF3C-C551A8A96428}.Release|x64.ActiveCfg = Release|Any CPU
		{D1D4A668-8068-4B0B-BF3C-C551A8A96428}.Release|x64.Build.0 = Release|Any CPU
		{D1D4A668-8068-4B0B-BF3C-C551A8A96428}.Release|x86.ActiveCfg = Release|Any CPU
		{D1D4A668-8068-4B0B-BF3C-C551A8A96428}.Release|x86.Build.0 = Release|Any CPU
		{83F78D72-7655-4A22-A2B2-CF8D658094D3}.Debug|Any CPU.ActiveCfg = Debug|Any CPU
		{83F78D72-7655-4A22-A2B2-CF8D658094D3}.Debug|Any CPU.Build.0 = Debug|Any CPU
		{83F78D72-7655-4A22-A2B2-CF8D658094D3}.Debug|x64.ActiveCfg = Debug|Any CPU
		{83F78D72-7655-4A22-A2B2-CF8D658094D3}.Debug|x64.Build.0 = Debug|Any CPU
		{83F78D72-7655-4A22-A2B2-CF8D658094D3}.Debug|x86.ActiveCfg = Debug|Any CPU
		{83F78D72-7655-4A22-A2B2-CF8D658094D3}.Debug|x86.Build.0 = Debug|Any CPU
		{83F78D72-7655-4A22-A2B2-CF8D658094D3}.Release|Any CPU.ActiveCfg = Release|Any CPU
		{83F78D72-7655-4A22-A2B2-CF8D658094D3}.Release|Any CPU.Build.0 = Release|Any CPU
		{83F78D72-7655-4A22-A2B2-CF8D658094D3}.Release|x64.ActiveCfg = Release|Any CPU
		{83F78D72-7655-4A22-A2B2-CF8D658094D3}.Release|x64.Build.0 = Release|Any CPU
		{83F78D72-7655-4A22-A2B2-CF8D658094D3}.Release|x86.ActiveCfg = Release|Any CPU
		{83F78D72-7655-4A22-A2B2-CF8D658094D3}.Release|x86.Build.0 = Release|Any CPU
		{B14D8563-003F-4629-96B5-6DA6C940109F}.Debug|Any CPU.ActiveCfg = Debug|Any CPU
		{B14D8563-003F-4629-96B5-6DA6C940109F}.Debug|Any CPU.Build.0 = Debug|Any CPU
		{B14D8563-003F-4629-96B5-6DA6C940109F}.Debug|x64.ActiveCfg = Debug|Any CPU
		{B14D8563-003F-4629-96B5-6DA6C940109F}.Debug|x64.Build.0 = Debug|Any CPU
		{B14D8563-003F-4629-96B5-6DA6C940109F}.Debug|x86.ActiveCfg = Debug|Any CPU
		{B14D8563-003F-4629-96B5-6DA6C940109F}.Debug|x86.Build.0 = Debug|Any CPU
		{B14D8563-003F-4629-96B5-6DA6C940109F}.Release|Any CPU.ActiveCfg = Release|Any CPU
		{B14D8563-003F-4629-96B5-6DA6C940109F}.Release|Any CPU.Build.0 = Release|Any CPU
		{B14D8563-003F-4629-96B5-6DA6C940109F}.Release|x64.ActiveCfg = Release|Any CPU
		{B14D8563-003F-4629-96B5-6DA6C940109F}.Release|x64.Build.0 = Release|Any CPU
		{B14D8563-003F-4629-96B5-6DA6C940109F}.Release|x86.ActiveCfg = Release|Any CPU
		{B14D8563-003F-4629-96B5-6DA6C940109F}.Release|x86.Build.0 = Release|Any CPU
		{F8A7C2D1-9E3B-4F5A-8D6C-1A2B3C4D5E6F}.Debug|Any CPU.ActiveCfg = Debug|Any CPU
		{F8A7C2D1-9E3B-4F5A-8D6C-1A2B3C4D5E6F}.Debug|Any CPU.Build.0 = Debug|Any CPU
		{F8A7C2D1-9E3B-4F5A-8D6C-1A2B3C4D5E6F}.Debug|x64.ActiveCfg = Debug|Any CPU
		{F8A7C2D1-9E3B-4F5A-8D6C-1A2B3C4D5E6F}.Debug|x64.Build.0 = Debug|Any CPU
		{F8A7C2D1-9E3B-4F5A-8D6C-1A2B3C4D5E6F}.Debug|x86.ActiveCfg = Debug|Any CPU
		{F8A7C2D1-9E3B-4F5A-8D6C-1A2B3C4D5E6F}.Debug|x86.Build.0 = Debug|Any CPU
		{F8A7C2D1-9E3B-4F5A-8D6C-1A2B3C4D5E6F}.Release|Any CPU.ActiveCfg = Release|Any CPU
		{F8A7C2D1-9E3B-4F5A-8D6C-1A2B3C4D5E6F}.Release|Any CPU.Build.0 = Release|Any CPU
		{F8A7C2D1-9E3B-4F5A-8D6C-1A2B3C4D5E6F}.Release|x64.ActiveCfg = Release|Any CPU
		{F8A7C2D1-9E3B-4F5A-8D6C-1A2B3C4D5E6F}.Release|x64.Build.0 = Release|Any CPU
		{F8A7C2D1-9E3B-4F5A-8D6C-1A2B3C4D5E6F}.Release|x86.ActiveCfg = Release|Any CPU
		{F8A7C2D1-9E3B-4F5A-8D6C-1A2B3C4D5E6F}.Release|x86.Build.0 = Release|Any CPU
		{A1B2C3D4-E5F6-7890-ABCD-EF1234567890}.Debug|Any CPU.ActiveCfg = Debug|Any CPU
		{A1B2C3D4-E5F6-7890-ABCD-EF1234567890}.Debug|Any CPU.Build.0 = Debug|Any CPU
		{A1B2C3D4-E5F6-7890-ABCD-EF1234567890}.Debug|x64.ActiveCfg = Debug|Any CPU
		{A1B2C3D4-E5F6-7890-ABCD-EF1234567890}.Debug|x64.Build.0 = Debug|Any CPU
		{A1B2C3D4-E5F6-7890-ABCD-EF1234567890}.Debug|x86.ActiveCfg = Debug|Any CPU
		{A1B2C3D4-E5F6-7890-ABCD-EF1234567890}.Debug|x86.Build.0 = Debug|Any CPU
		{A1B2C3D4-E5F6-7890-ABCD-EF1234567890}.Release|Any CPU.ActiveCfg = Release|Any CPU
		{A1B2C3D4-E5F6-7890-ABCD-EF1234567890}.Release|Any CPU.Build.0 = Release|Any CPU
		{A1B2C3D4-E5F6-7890-ABCD-EF1234567890}.Release|x64.ActiveCfg = Release|Any CPU
		{A1B2C3D4-E5F6-7890-ABCD-EF1234567890}.Release|x64.Build.0 = Release|Any CPU
		{A1B2C3D4-E5F6-7890-ABCD-EF1234567890}.Release|x86.ActiveCfg = Release|Any CPU
		{A1B2C3D4-E5F6-7890-ABCD-EF1234567890}.Release|x86.Build.0 = Release|Any CPU
		{CC753718-7AAE-49E4-BDC8-D9FED0B4F044}.Debug|Any CPU.ActiveCfg = Debug|Any CPU
		{CC753718-7AAE-49E4-BDC8-D9FED0B4F044}.Debug|Any CPU.Build.0 = Debug|Any CPU
		{CC753718-7AAE-49E4-BDC8-D9FED0B4F044}.Debug|x64.ActiveCfg = Debug|Any CPU
		{CC753718-7AAE-49E4-BDC8-D9FED0B4F044}.Debug|x64.Build.0 = Debug|Any CPU
		{CC753718-7AAE-49E4-BDC8-D9FED0B4F044}.Debug|x86.ActiveCfg = Debug|Any CPU
		{CC753718-7AAE-49E4-BDC8-D9FED0B4F044}.Debug|x86.Build.0 = Debug|Any CPU
		{CC753718-7AAE-49E4-BDC8-D9FED0B4F044}.Release|Any CPU.ActiveCfg = Release|Any CPU
		{CC753718-7AAE-49E4-BDC8-D9FED0B4F044}.Release|Any CPU.Build.0 = Release|Any CPU
		{CC753718-7AAE-49E4-BDC8-D9FED0B4F044}.Release|x64.ActiveCfg = Release|Any CPU
		{CC753718-7AAE-49E4-BDC8-D9FED0B4F044}.Release|x64.Build.0 = Release|Any CPU
		{CC753718-7AAE-49E4-BDC8-D9FED0B4F044}.Release|x86.ActiveCfg = Release|Any CPU
		{CC753718-7AAE-49E4-BDC8-D9FED0B4F044}.Release|x86.Build.0 = Release|Any CPU
	EndGlobalSection
	GlobalSection(SolutionProperties) = preSolution
		HideSolutionNode = FALSE
	EndGlobalSection
	GlobalSection(NestedProjects) = preSolution
		{EADA50B6-C0AF-4371-B426-CB1772ED081D} = {827E0CD3-B72D-47B6-A68D-7590B98EB39B}
		{EDC51A71-B7E4-4376-A0F7-BC6656BAA228} = {827E0CD3-B72D-47B6-A68D-7590B98EB39B}
		{A32A3B9E-E295-40E1-A95B-B0C936B36A5D} = {827E0CD3-B72D-47B6-A68D-7590B98EB39B}
		{E963DFAE-4FB4-4B64-9EF2-66F6C3C51BF5} = {827E0CD3-B72D-47B6-A68D-7590B98EB39B}
		{59C62BDA-EAF5-4CE5-86FB-A9FE0558299B} = {827E0CD3-B72D-47B6-A68D-7590B98EB39B}
		{CD5B6345-D8B0-467A-9291-2B29EFA4F21D} = {827E0CD3-B72D-47B6-A68D-7590B98EB39B}
		{D1D4A668-8068-4B0B-BF3C-C551A8A96428} = {0AB3BF05-4346-4AA6-1389-037BE0695223}
		{83F78D72-7655-4A22-A2B2-CF8D658094D3} = {0AB3BF05-4346-4AA6-1389-037BE0695223}
		{B14D8563-003F-4629-96B5-6DA6C940109F} = {0AB3BF05-4346-4AA6-1389-037BE0695223}
		{F8A7C2D1-9E3B-4F5A-8D6C-1A2B3C4D5E6F} = {827E0CD3-B72D-47B6-A68D-7590B98EB39B}
		{A1B2C3D4-E5F6-7890-ABCD-EF1234567890} = {0AB3BF05-4346-4AA6-1389-037BE0695223}
		{CC753718-7AAE-49E4-BDC8-D9FED0B4F044} = {827E0CD3-B72D-47B6-A68D-7590B98EB39B}
	EndGlobalSection
EndGlobal
